
Microsoft Visual Studio Solution File, Format Version 12.00
# Visual Studio Version 17
VisualStudioVersion = 17.9.34407.89
MinimumVisualStudioVersion = 10.0.40219.1
Project("{2150E333-8FDC-42A3-9474-1A3956D46DE8}") = "w17", "w17", "{8BC32020-EFED-48CC-810C-92B627E209D2}"
EndProject
Project("{9A19103F-16F7-4668-BE54-9A1E7A4F7556}") = "Week17_ClassLibraries", "Week17_ClassLibraries\Week17_ClassLibraries.csproj", "{422D8222-1AD3-4E91-9E84-8EDD1C779458}"
EndProject
Project("{9A19103F-16F7-4668-BE54-9A1E7A4F7556}") = "Week17.Lib", "Week17.Lib\Week17.Lib.csproj", "{33F9199C-58BC-443D-9EF6-5EBF3E87A63C}"
EndProject
Project("{9A19103F-16F7-4668-BE54-9A1E7A4F7556}") = "Week17.Test", "Week17.Test\Week17.Test.csproj", "{4A439B4E-3F06-4F97-9587-274AD7FBC1B5}"
EndProject
Project("{2150E333-8FDC-42A3-9474-1A3956D46DE8}") = "Exercise", "Exercise", "{CB77D868-5600-4D94-8705-9544D055B20C}"
EndProject
Project("{9A19103F-16F7-4668-BE54-9A1E7A4F7556}") = "Exercise", "IsValidPassword\Exercise.csproj", "{D93FE6A7-0FF0-4877-B1D2-6EA27F1B2E81}"
EndProject
Project("{9A19103F-16F7-4668-BE54-9A1E7A4F7556}") = "Exercise.Lib", "Lib.lib\Exercise.Lib.csproj", "{909CD6C1-04AC-44FD-9B70-46E10C3F4A2F}"
EndProject
Project("{9A19103F-16F7-4668-BE54-9A1E7A4F7556}") = "Exercise.Test", "ExTest\Exercise.Test.csproj", "{79B78B38-D8DB-4CD5-97FC-F24B88675066}"
EndProject
Project("{2150E333-8FDC-42A3-9474-1A3956D46DE8}") = "Week18", "Week18", "{FDBA9793-7D0D-41D1-B713-B9902CF8B21F}"
EndProject
Project("{2150E333-8FDC-42A3-9474-1A3956D46DE8}") = "GetInfoRepoGithub", "GetInfoRepoGithub", "{D53BE7EB-0215-4C72-8202-4939B3538C39}"
EndProject
Project("{9A19103F-16F7-4668-BE54-9A1E7A4F7556}") = "GetInfoRepoGithub", "GetInfoRepoGithub\GetInfoRepoGithub.csproj", "{0E2017DC-39C7-4518-ABE1-61E59AB04533}"
EndProject
Global
	GlobalSection(SolutionConfigurationPlatforms) = preSolution
		Debug|Any CPU = Debug|Any CPU
		Release|Any CPU = Release|Any CPU
	EndGlobalSection
	GlobalSection(ProjectConfigurationPlatforms) = postSolution
		{422D8222-1AD3-4E91-9E84-8EDD1C779458}.Debug|Any CPU.ActiveCfg = Debug|Any CPU
		{422D8222-1AD3-4E91-9E84-8EDD1C779458}.Debug|Any CPU.Build.0 = Debug|Any CPU
		{422D8222-1AD3-4E91-9E84-8EDD1C779458}.Release|Any CPU.ActiveCfg = Release|Any CPU
		{422D8222-1AD3-4E91-9E84-8EDD1C779458}.Release|Any CPU.Build.0 = Release|Any CPU
		{33F9199C-58BC-443D-9EF6-5EBF3E87A63C}.Debug|Any CPU.ActiveCfg = Debug|Any CPU
		{33F9199C-58BC-443D-9EF6-5EBF3E87A63C}.Debug|Any CPU.Build.0 = Debug|Any CPU
		{33F9199C-58BC-443D-9EF6-5EBF3E87A63C}.Release|Any CPU.ActiveCfg = Release|Any CPU
		{33F9199C-58BC-443D-9EF6-5EBF3E87A63C}.Release|Any CPU.Build.0 = Release|Any CPU
		{4A439B4E-3F06-4F97-9587-274AD7FBC1B5}.Debug|Any CPU.ActiveCfg = Debug|Any CPU
		{4A439B4E-3F06-4F97-9587-274AD7FBC1B5}.Debug|Any CPU.Build.0 = Debug|Any CPU
		{4A439B4E-3F06-4F97-9587-274AD7FBC1B5}.Release|Any CPU.ActiveCfg = Release|Any CPU
		{4A439B4E-3F06-4F97-9587-274AD7FBC1B5}.Release|Any CPU.Build.0 = Release|Any CPU
		{D93FE6A7-0FF0-4877-B1D2-6EA27F1B2E81}.Debug|Any CPU.ActiveCfg = Debug|Any CPU
		{D93FE6A7-0FF0-4877-B1D2-6EA27F1B2E81}.Debug|Any CPU.Build.0 = Debug|Any CPU
		{D93FE6A7-0FF0-4877-B1D2-6EA27F1B2E81}.Release|Any CPU.ActiveCfg = Release|Any CPU
		{D93FE6A7-0FF0-4877-B1D2-6EA27F1B2E81}.Release|Any CPU.Build.0 = Release|Any CPU
		{909CD6C1-04AC-44FD-9B70-46E10C3F4A2F}.Debug|Any CPU.ActiveCfg = Debug|Any CPU
		{909CD6C1-04AC-44FD-9B70-46E10C3F4A2F}.Debug|Any CPU.Build.0 = Debug|Any CPU
		{909CD6C1-04AC-44FD-9B70-46E10C3F4A2F}.Release|Any CPU.ActiveCfg = Release|Any CPU
		{909CD6C1-04AC-44FD-9B70-46E10C3F4A2F}.Release|Any CPU.Build.0 = Release|Any CPU
		{79B78B38-D8DB-4CD5-97FC-F24B88675066}.Debug|Any CPU.ActiveCfg = Debug|Any CPU
		{79B78B38-D8DB-4CD5-97FC-F24B88675066}.Debug|Any CPU.Build.0 = Debug|Any CPU
		{79B78B38-D8DB-4CD5-97FC-F24B88675066}.Release|Any CPU.ActiveCfg = Release|Any CPU
		{79B78B38-D8DB-4CD5-97FC-F24B88675066}.Release|Any CPU.Build.0 = Release|Any CPU
		{0E2017DC-39C7-4518-ABE1-61E59AB04533}.Debug|Any CPU.ActiveCfg = Debug|Any CPU
		{0E2017DC-39C7-4518-ABE1-61E59AB04533}.Debug|Any CPU.Build.0 = Debug|Any CPU
		{0E2017DC-39C7-4518-ABE1-61E59AB04533}.Release|Any CPU.ActiveCfg = Release|Any CPU
		{0E2017DC-39C7-4518-ABE1-61E59AB04533}.Release|Any CPU.Build.0 = Release|Any CPU
	EndGlobalSection
	GlobalSection(SolutionProperties) = preSolution
		HideSolutionNode = FALSE
	EndGlobalSection
	GlobalSection(NestedProjects) = preSolution
		{422D8222-1AD3-4E91-9E84-8EDD1C779458} = {8BC32020-EFED-48CC-810C-92B627E209D2}
		{33F9199C-58BC-443D-9EF6-5EBF3E87A63C} = {8BC32020-EFED-48CC-810C-92B627E209D2}
		{4A439B4E-3F06-4F97-9587-274AD7FBC1B5} = {8BC32020-EFED-48CC-810C-92B627E209D2}
		{D93FE6A7-0FF0-4877-B1D2-6EA27F1B2E81} = {CB77D868-5600-4D94-8705-9544D055B20C}
		{909CD6C1-04AC-44FD-9B70-46E10C3F4A2F} = {CB77D868-5600-4D94-8705-9544D055B20C}
		{79B78B38-D8DB-4CD5-97FC-F24B88675066} = {CB77D868-5600-4D94-8705-9544D055B20C}
		{FDBA9793-7D0D-41D1-B713-B9902CF8B21F} = {CB77D868-5600-4D94-8705-9544D055B20C}
		{D53BE7EB-0215-4C72-8202-4939B3538C39} = {FDBA9793-7D0D-41D1-B713-B9902CF8B21F}
		{0E2017DC-39C7-4518-ABE1-61E59AB04533} = {D53BE7EB-0215-4C72-8202-4939B3538C39}
	EndGlobalSection
	GlobalSection(ExtensibilityGlobals) = postSolution
		SolutionGuid = {1A964BD6-DFF9-4DCB-B20B-EC485F67E377}
	EndGlobalSection
EndGlobal
